<?xml version="1.0" encoding="UTF-8" standalone="yes" ?>
<CodeBlocks_project_file>
	<FileVersion major="1" minor="6" />
	<Project>
		<Option title="timeMux" />
		<Option pch_mode="2" />
		<Option compiler="gcc" />
		<Build>
			<Target title="Debug">
				<Option output="bin/Debug/timeMux" prefix_auto="1" extension_auto="1" />
				<Option object_output="obj/Debug/" />
				<Option type="1" />
				<Option compiler="gcc" />
				<Option parameters="a127.0.0.1 p6001 cB" />
				<Compiler>
					<Add option="-pedantic-errors" />
					<Add option="-pedantic" />
					<Add option="-Wextra" />
					<Add option="-Wall" />
					<Add option="-g" />
				</Compiler>
			</Target>
			<Target title="Release">
				<Option output="bin/Release/timeMux" prefix_auto="1" extension_auto="1" />
				<Option object_output="obj/Release/" />
				<Option type="1" />
				<Option compiler="gcc" />
				<Compiler>
					<Add option="-O2" />
				</Compiler>
				<Linker>
					<Add option="-s" />
				</Linker>
			</Target>
			<Target title="BCDebug">
				<Option output="bin/Debug/bcs" prefix_auto="1" extension_auto="1" />
				<Option object_output="obj/Debug/" />
				<Option type="1" />
				<Option compiler="gcc" />
				<Compiler>
					<Add option="-g" />
				</Compiler>
				<Linker>
					<Add library="pthread" />
				</Linker>
			</Target>
			<Target title="BCRelease">
				<Option output="bin/Release/bcs" prefix_auto="1" extension_auto="1" />
				<Option object_output="obj/Release/" />
				<Option type="1" />
				<Option compiler="gcc" />
				<Compiler>
					<Add option="-O2" />
				</Compiler>
				<Linker>
					<Add option="-s" />
				</Linker>
			</Target>
		</Build>
		<Compiler>
			<Add option="-Wall" />
			<Add option="-std=c++0x" />
			<Add option="-fexceptions" />
		</Compiler>
		<Linker>
			<Add library="pthread" />
		</Linker>
		<Unit filename="DataBuffer.hpp" />
		<Unit filename="bcServer.cpp">
			<Option target="BCDebug" />
			<Option target="BCRelease" />
		</Unit>
		<Unit filename="callback.hpp" />
		<Unit filename="docs.hpp" />
		<Unit filename="linkedArray.hpp" />
		<Unit filename="linkedList.hpp" />
		<Unit filename="main.cpp">
			<Option target="Debug" />
			<Option target="Release" />
		</Unit>
		<Unit filename="network.cpp" />
		<Unit filename="network.hpp" />
		<Unit filename="ringBuffer.hpp" />
		<Unit filename="timux.cpp">
			<Option target="Debug" />
			<Option target="Release" />
		</Unit>
		<Unit filename="timux.hpp">
			<Option target="Debug" />
			<Option target="Release" />
		</Unit>
		<Unit filename="udp.cpp" />
		<Unit filename="udp.hpp" />
		<Unit filename="udpTest.cpp" />
		<Unit filename="udpTest.hpp" />
		<Extensions>
			<code_completion />
			<debugger />
		</Extensions>
	</Project>
</CodeBlocks_project_file>
